Microsoft Visual Studio Solution File, Format Version 12.00
# Visual Studio Version 17
VisualStudioVersion = 17.5.2.0
MinimumVisualStudioVersion = 10.0.40219.1
Project("{2150E333-8FDC-42A3-9474-1A3956D46DE8}") = "backend", "backend", "{1AE8ACA6-933B-BF2A-3671-3E2EAC007D16}"
EndProject
Project("{FAE04EC0-301F-11D3-BF4B-00C04F79EFBC}") = "AgPolicy.Api", "backend\AgPolicy.Api\AgPolicy.Api.csproj", "{C06417B8-50D8-45F7-A580-F0B6EA4D5FA1}"
EndProject
Global
	GlobalSection(SolutionConfigurationPlatforms) = preSolution
		Debug|Any CPU = Debug|Any CPU
		Release|Any CPU = Release|Any CPU
	EndGlobalSection
	GlobalSection(ProjectConfigurationPlatforms) = postSolution
		{C06417B8-50D8-45F7-A580-F0B6EA4D5FA1}.Debug|Any CPU.ActiveCfg = Debug|Any CPU
		{C06417B8-50D8-45F7-A580-F0B6EA4D5FA1}.Debug|Any CPU.Build.0 = Debug|Any CPU
		{C06417B8-50D8-45F7-A580-F0B6EA4D5FA1}.Release|Any CPU.ActiveCfg = Release|Any CPU
		{C06417B8-50D8-45F7-A580-F0B6EA4D5FA1}.Release|Any CPU.Build.0 = Release|Any CPU
	EndGlobalSection
	GlobalSection(SolutionProperties) = preSolution
		HideSolutionNode = FALSE
	EndGlobalSection
	GlobalSection(NestedProjects) = preSolution
		{C06417B8-50D8-45F7-A580-F0B6EA4D5FA1} = {1AE8ACA6-933B-BF2A-3671-3E2EAC007D16}
	EndGlobalSection
	GlobalSection(ExtensibilityGlobals) = postSolution
		SolutionGuid = {4DF54528-F525-4CD0-9EC6-E3A052EC69E3}
	EndGlobalSection
EndGlobal
